# Generated by pub
# See http://pub.dartlang.org/doc/glossary.html#lockfile
packages:
  analyzer_experimental:
    description: analyzer_experimental
    source: hosted
    version: "0.5.20"
  args:
    description: args
    source: hosted
    version: "0.5.20"
  asset_pack:
    description:
      ref: null
      resolved-ref: d4d75f5682adc5ec632dbfa9846f56de068f7624
      url: "https://github.com/johnmccutchan/asset_pack.git"
    source: git
    version: "0.6.0"
  benchmark_harness:
    description: benchmark_harness
    source: hosted
    version: "1.0.2"
  bot:
    description: bot
    source: hosted
    version: "0.22.0"
  bot_io:
    description: bot_io
    source: hosted
    version: "0.21.2"
  browser:
    description: browser
    source: hosted
    version: "0.5.20"
  crypto:
    description: crypto
    source: hosted
    version: "0.5.20"
  csslib:
    description: csslib
    source: hosted
    version: "0.4.7+6"
  formler:
    description: formler
    source: hosted
    version: "0.0.8"
  fukiya:
    description: fukiya
    source: hosted
    version: "0.1.6"
  game_loop:
    description:
      ref: null
      resolved-ref: "2084c9f1ba2788b6390c4ac424022ea812455a38"
      url: "https://github.com/johnmccutchan/game_loop.git"
    source: git
    version: "0.9.0"
  google_appstate_v1_api:
    description:
      ref: null
      resolved-ref: "2cba578a05534edf01a66c276e1bbe2f4ad7473c"
      url: "https://github.com/financeCoding/dart_appstate_v1_api_client.git"
    source: git
    version: "0.1.0"
  google_games_v1_api:
    description:
      ref: null
      resolved-ref: "1c5cd07ca64ed52ce2a41afc98049ce872ef7b5b"
      url: "https://github.com/financeCoding/dart_games_v1_api_client.git"
    source: git
    version: "0.1.0"
  google_oauth2_client:
    description: google_oauth2_client
    source: hosted
    version: "0.2.14"
  google_plus_v1_api:
    description:
      ref: null
      resolved-ref: "7873a9ff64b2604f5df56820d295054ab9c54d7b"
      url: "https://github.com/financeCoding/dart_plus_v1_api_client.git"
    source: git
    version: "0.1.0"
  hop:
    description: hop
    source: hosted
    version: "0.22.2"
  html5lib:
    description: html5lib
    source: hosted
    version: "0.4.3"
  http:
    description: http
    source: hosted
    version: "0.5.20"
  intl:
    description: intl
    source: hosted
    version: "0.5.20"
  js:
    description: js
    source: hosted
    version: "0.0.23"
  lawndart:
    description: lawndart
    source: hosted
    version: "0.5.0"
  logging:
    description: logging
    source: hosted
    version: "0.5.20"
  meta:
    description: meta
    source: hosted
    version: "0.5.20"
  oauth2:
    description: oauth2
    source: hosted
    version: "0.5.20"
  pathos:
    description: pathos
    source: hosted
    version: "0.5.20"
  postgresql:
    description: postgresql
    source: hosted
    version: "0.2.8"
  source_maps:
    description: source_maps
    source: hosted
    version: "0.5.20"
  start:
    description: start
    source: hosted
    version: "0.0.8"
  static_file_handler:
    description: static_file_handler
    source: hosted
    version: "0.1.0"
  unittest:
    description: unittest
    source: hosted
    version: "0.5.20"
  web_ui:
    description: web_ui
    source: hosted
    version: "0.4.12+3"
