# Generated by pub
# See http://pub.dartlang.org/doc/glossary.html#lockfile
packages:
  analyzer_experimental:
    description: analyzer_experimental
    source: hosted
    version: "0.5.20"
  args:
    description: args
    source: hosted
    version: "0.5.20"
  asset_pack:
    description:
      ref: null
      resolved-ref: d4d75f5682adc5ec632dbfa9846f56de068f7624
      url: "https://github.com/johnmccutchan/asset_pack.git"
    source: git
    version: "0.6.0"
  benchmark_harness:
    description: benchmark_harness
    source: hosted
    version: "1.0.2"
  bot:
    description: bot
    source: hosted
    version: "0.22.0"
  bot_io:
    description: bot_io
    source: hosted
    version: "0.21.2"
  browser:
    description: browser
    source: hosted
    version: "0.5.20"
  crypto:
    description: crypto
    source: hosted
    version: "0.5.20"
  csslib:
    description: csslib
    source: hosted
    version: "0.4.7+6"
  formler:
    description: formler
    source: hosted
    version: "0.0.8"
  fukiya:
    description: fukiya
    source: hosted
    version: "0.1.6"
  game_loop:
    description:
      ref: null
      resolved-ref: "0884dd5371e431340c4cce5f7dac08a25cb74598"
      url: "https://github.com/johnmccutchan/game_loop.git"
    source: git
    version: "0.9.0"
  google_appstate_v1_api:
    description:
      ref: null
      resolved-ref: df3b0a93888f36e5b0649b29915ff5e7eb4326f2
      url: "git://github.com/financeCoding/dart_appstate_v1_api_client.git"
    source: git
    version: "0.1.0"
  google_games_v1_api:
    description:
      ref: null
      resolved-ref: c6d7146a08e340956501ebf0f4a8c2cd5fbbc355
      url: "git://github.com/financeCoding/dart_games_v1_api_client.git"
    source: git
    version: "0.1.0"
  google_oauth2_client:
    description: google_oauth2_client
    source: hosted
    version: "0.2.14"
  google_plus_v1_api:
    description: google_plus_v1_api
    source: hosted
    version: "0.1.7"
  hop:
    description: hop
    source: hosted
    version: "0.22.2"
  html5lib:
    description: html5lib
    source: hosted
    version: "0.4.3"
  http:
    description: http
    source: hosted
    version: "0.5.20"
  intl:
    description: intl
    source: hosted
    version: "0.5.20"
  js:
    description: js
    source: hosted
    version: "0.0.23"
  lawndart:
    description: lawndart
    source: hosted
    version: "0.5.0"
  logging:
    description: logging
    source: hosted
    version: "0.5.20"
  meta:
    description: meta
    source: hosted
    version: "0.5.20"
  oauth2:
    description: oauth2
    source: hosted
    version: "0.5.20"
  pathos:
    description: pathos
    source: hosted
    version: "0.5.20"
  postgresql:
    description: postgresql
    source: hosted
    version: "0.2.8"
  source_maps:
    description: source_maps
    source: hosted
    version: "0.5.20"
  start:
    description: start
    source: hosted
    version: "0.0.8"
  static_file_handler:
    description: static_file_handler
    source: hosted
    version: "0.1.0"
  unittest:
    description: unittest
    source: hosted
    version: "0.5.20"
  web_ui:
    description: web_ui
    source: hosted
    version: "0.4.12+2"
