# Generated by pub
# See http://pub.dartlang.org/doc/glossary.html#lockfile
packages:
  analyzer_experimental:
    description: analyzer_experimental
    source: hosted
    version: "0.5.13+1"
  args:
    description: args
    source: hosted
    version: "0.5.13"
  asset_pack:
    description:
      ref: null
      resolved-ref: "7d4fb50d86a8546e3160ea509bdc17c0edd76ae2"
      url: "https://github.com/johnmccutchan/asset_pack.git"
    source: git
    version: "0.6.0"
  benchmark_harness:
    description: benchmark_harness
    source: hosted
    version: "1.0.2"
  browser:
    description: browser
    source: hosted
    version: "0.5.13"
  csslib:
    description: csslib
    source: hosted
    version: "0.4.7+4"
  game_loop:
    description:
      ref: null
      resolved-ref: a328d6ac1d8fae15f7b83a2fa46edf88d8791f8b
      url: "https://github.com/johnmccutchan/game_loop.git"
    source: git
    version: "0.9.0"
  html5lib:
    description: html5lib
    source: hosted
    version: "0.4.3"
  lawndart:
    description: lawndart
    source: hosted
    version: "0.5.0"
  logging:
    description: logging
    source: hosted
    version: "0.5.13"
  meta:
    description: meta
    source: hosted
    version: "0.5.13"
  pathos:
    description: pathos
    source: hosted
    version: "0.5.13"
  source_maps:
    description: source_maps
    source: hosted
    version: "0.5.13"
  unittest:
    description: unittest
    source: hosted
    version: "0.5.13"
  web_ui:
    description: web_ui
    source: hosted
    version: "0.4.9+5"
